
Microsoft Visual Studio Solution File, Format Version 12.00
# Visual Studio Version 16
VisualStudioVersion = 16.0.31112.23
MinimumVisualStudioVersion = 10.0.40219.1
Project("{FAE04EC0-301F-11D3-BF4B-00C04F79EFBC}") = "my-books", "my-books\my-books.csproj", "{8AC4C2FF-6724-4AC4-9134-A50434896E72}"
EndProject
Global
	GlobalSection(SolutionConfigurationPlatforms) = preSolution
		Debug|Any CPU = Debug|Any CPU
		Release|Any CPU = Release|Any CPU
	EndGlobalSection
	GlobalSection(ProjectConfigurationPlatforms) = postSolution
		{8AC4C2FF-6724-4AC4-9134-A50434896E72}.Debug|Any CPU.ActiveCfg = Debug|Any CPU
		{8AC4C2FF-6724-4AC4-9134-A50434896E72}.Debug|Any CPU.Build.0 = Debug|Any CPU
		{8AC4C2FF-6724-4AC4-9134-A50434896E72}.Release|Any CPU.ActiveCfg = Release|Any CPU
		{8AC4C2FF-6724-4AC4-9134-A50434896E72}.Release|Any CPU.Build.0 = Release|Any CPU
	EndGlobalSection
	GlobalSection(SolutionProperties) = preSolution
		HideSolutionNode = FALSE
	EndGlobalSection
	GlobalSection(ExtensibilityGlobals) = postSolution
		SolutionGuid = {1C6C6971-C966-4F5E-A047-4A4A078D59BD}
	EndGlobalSection
EndGlobal
